
Microsoft Visual Studio Solution File, Format Version 12.00
# Visual Studio Version 17
VisualStudioVersion = 17.0.31903.59
MinimumVisualStudioVersion = 10.0.40219.1
Project("{FAE04EC0-301F-11D3-BF4B-00C04F79EFBC}") = "CRUD", "CRUD\CRUD.csproj", "{F87C2CCB-483A-4391-AA79-3C3500B4359C}"
EndProject
Global
	GlobalSection(SolutionConfigurationPlatforms) = preSolution
		Debug|Any CPU = Debug|Any CPU
		Release|Any CPU = Release|Any CPU
	EndGlobalSection
	GlobalSection(ProjectConfigurationPlatforms) = postSolution
		{F87C2CCB-483A-4391-AA79-3C3500B4359C}.Debug|Any CPU.ActiveCfg = Debug|Any CPU
		{F87C2CCB-483A-4391-AA79-3C3500B4359C}.Debug|Any CPU.Build.0 = Debug|Any CPU
		{F87C2CCB-483A-4391-AA79-3C3500B4359C}.Release|Any CPU.ActiveCfg = Release|Any CPU
		{F87C2CCB-483A-4391-AA79-3C3500B4359C}.Release|Any CPU.Build.0 = Release|Any CPU
	EndGlobalSection
	GlobalSection(SolutionProperties) = preSolution
		HideSolutionNode = FALSE
	EndGlobalSection
EndGlobal
